
Microsoft Visual Studio Solution File, Format Version 12.00
# Visual Studio Version 16
VisualStudioVersion = 16.0.32126.311
MinimumVisualStudioVersion = 10.0.40219.1
Project("{2150E333-8FDC-42A3-9474-1A3956D46DE8}") = "Services", "Services", "{BA71F3BC-431D-4871-9B1F-F50717359CC5}"
EndProject
Project("{2150E333-8FDC-42A3-9474-1A3956D46DE8}") = "Catalog", "Catalog", "{BB4BF290-9DD8-4B96-93D7-12FA865AC7F1}"
EndProject
Project("{9A19103F-16F7-4668-BE54-9A1E7A4F7556}") = "Catalog.API", "Services\Catalog\Catalog.API\Catalog.API.csproj", "{674B53D9-DAE0-4420-B584-1E13676BC202}"
EndProject
Project("{E53339B2-1760-4266-BCC7-CA923CBCF16C}") = "docker-compose", "docker-compose.dcproj", "{207291C4-10D2-46C0-A036-340859DF9EF0}"
EndProject
Project("{2150E333-8FDC-42A3-9474-1A3956D46DE8}") = "Basket", "Basket", "{D49641AB-9B0F-4C93-A78B-F847E9323339}"
EndProject
Project("{9A19103F-16F7-4668-BE54-9A1E7A4F7556}") = "Basket.API", "Services\Basket\Basket.API\Basket.API.csproj", "{B362AA8D-2E5F-48CE-9857-A5F18A931495}"
EndProject
Project("{2150E333-8FDC-42A3-9474-1A3956D46DE8}") = "Discount", "Discount", "{F69BD784-64AE-4A1D-A272-120432A2DDD8}"
EndProject
Project("{9A19103F-16F7-4668-BE54-9A1E7A4F7556}") = "Discount.API", "Services\Discount\Discount.API\Discount.API.csproj", "{9F81EB77-D013-45CA-BD05-EC135A527DBA}"
EndProject
Project("{FAE04EC0-301F-11D3-BF4B-00C04F79EFBC}") = "Discount.Grpc", "Services\Discount\Discount.Grpc\Discount.Grpc.csproj", "{AB655ED0-DA31-4109-9DAE-9FBFC7EB02FF}"
EndProject
Global
	GlobalSection(SolutionConfigurationPlatforms) = preSolution
		Debug|Any CPU = Debug|Any CPU
		Release|Any CPU = Release|Any CPU
	EndGlobalSection
	GlobalSection(ProjectConfigurationPlatforms) = postSolution
		{674B53D9-DAE0-4420-B584-1E13676BC202}.Debug|Any CPU.ActiveCfg = Debug|Any CPU
		{674B53D9-DAE0-4420-B584-1E13676BC202}.Debug|Any CPU.Build.0 = Debug|Any CPU
		{674B53D9-DAE0-4420-B584-1E13676BC202}.Release|Any CPU.ActiveCfg = Release|Any CPU
		{674B53D9-DAE0-4420-B584-1E13676BC202}.Release|Any CPU.Build.0 = Release|Any CPU
		{207291C4-10D2-46C0-A036-340859DF9EF0}.Debug|Any CPU.ActiveCfg = Debug|Any CPU
		{207291C4-10D2-46C0-A036-340859DF9EF0}.Debug|Any CPU.Build.0 = Debug|Any CPU
		{207291C4-10D2-46C0-A036-340859DF9EF0}.Release|Any CPU.ActiveCfg = Release|Any CPU
		{207291C4-10D2-46C0-A036-340859DF9EF0}.Release|Any CPU.Build.0 = Release|Any CPU
		{B362AA8D-2E5F-48CE-9857-A5F18A931495}.Debug|Any CPU.ActiveCfg = Debug|Any CPU
		{B362AA8D-2E5F-48CE-9857-A5F18A931495}.Debug|Any CPU.Build.0 = Debug|Any CPU
		{B362AA8D-2E5F-48CE-9857-A5F18A931495}.Release|Any CPU.ActiveCfg = Release|Any CPU
		{B362AA8D-2E5F-48CE-9857-A5F18A931495}.Release|Any CPU.Build.0 = Release|Any CPU
		{9F81EB77-D013-45CA-BD05-EC135A527DBA}.Debug|Any CPU.ActiveCfg = Debug|Any CPU
		{9F81EB77-D013-45CA-BD05-EC135A527DBA}.Debug|Any CPU.Build.0 = Debug|Any CPU
		{9F81EB77-D013-45CA-BD05-EC135A527DBA}.Release|Any CPU.ActiveCfg = Release|Any CPU
		{9F81EB77-D013-45CA-BD05-EC135A527DBA}.Release|Any CPU.Build.0 = Release|Any CPU
		{AB655ED0-DA31-4109-9DAE-9FBFC7EB02FF}.Debug|Any CPU.ActiveCfg = Debug|Any CPU
		{AB655ED0-DA31-4109-9DAE-9FBFC7EB02FF}.Debug|Any CPU.Build.0 = Debug|Any CPU
		{AB655ED0-DA31-4109-9DAE-9FBFC7EB02FF}.Release|Any CPU.ActiveCfg = Release|Any CPU
		{AB655ED0-DA31-4109-9DAE-9FBFC7EB02FF}.Release|Any CPU.Build.0 = Release|Any CPU
	EndGlobalSection
	GlobalSection(SolutionProperties) = preSolution
		HideSolutionNode = FALSE
	EndGlobalSection
	GlobalSection(NestedProjects) = preSolution
		{BB4BF290-9DD8-4B96-93D7-12FA865AC7F1} = {BA71F3BC-431D-4871-9B1F-F50717359CC5}
		{674B53D9-DAE0-4420-B584-1E13676BC202} = {BB4BF290-9DD8-4B96-93D7-12FA865AC7F1}
		{D49641AB-9B0F-4C93-A78B-F847E9323339} = {BA71F3BC-431D-4871-9B1F-F50717359CC5}
		{B362AA8D-2E5F-48CE-9857-A5F18A931495} = {D49641AB-9B0F-4C93-A78B-F847E9323339}
		{F69BD784-64AE-4A1D-A272-120432A2DDD8} = {BA71F3BC-431D-4871-9B1F-F50717359CC5}
		{9F81EB77-D013-45CA-BD05-EC135A527DBA} = {F69BD784-64AE-4A1D-A272-120432A2DDD8}
		{AB655ED0-DA31-4109-9DAE-9FBFC7EB02FF} = {F69BD784-64AE-4A1D-A272-120432A2DDD8}
	EndGlobalSection
	GlobalSection(ExtensibilityGlobals) = postSolution
		SolutionGuid = {20904661-92A9-4AB8-A413-4C5EE647A89D}
	EndGlobalSection
EndGlobal
